{
  "nodes": {
    "flake-utils": {
      "inputs": {
        "systems": "systems"
      },
      "locked": {
        "lastModified": 1731533236,
        "narHash": "sha256-l0KFg5HjrsfsO/JpG+r7fRrqm12kzFHyUHqHCVpMMbI=",
        "owner": "numtide",
        "repo": "flake-utils",
        "rev": "11707dc2f618dd54ca8739b309ec4fc024de578b",
        "type": "github"
      },
      "original": {
        "owner": "numtide",
        "repo": "flake-utils",
        "type": "github"
      }
    },
    "home-manager": {
      "inputs": {
        "nixpkgs": [
          "nixpkgs"
        ]
      },
      "locked": {
        "lastModified": 1770995331,
        "narHash": "sha256-MZOF7PVKDOMAOp6bJpzuKOb1DVcyUT84568r8y3iVGg=",
        "owner": "nix-community",
        "repo": "home-manager",
        "rev": "5e90b62996d56da9acb21e502c078e7c4e6ab40f",
        "type": "github"
      },
      "original": {
        "owner": "nix-community",
        "repo": "home-manager",
        "type": "github"
      }
    },
    "jolt": {
      "inputs": {
        "flake-utils": "flake-utils",
        "nixpkgs": [
          "nixpkgs"
        ]
      },
      "locked": {
        "lastModified": 1769819686,
        "narHash": "sha256-G4p8z4eRKpDEn599Sai9+PjKCPO/UYo/5X2YRaMnMWE=",
        "owner": "jordond",
        "repo": "jolt",
        "rev": "819fa361fe07a766960f45816931491e22b9e5bb",
        "type": "github"
      },
      "original": {
        "owner": "jordond",
        "ref": "1.1.3",
        "repo": "jolt",
        "type": "github"
      }
    },
    "nix-index-database": {
      "inputs": {
        "nixpkgs": [
          "nixpkgs"
        ]
      },
      "locked": {
        "lastModified": 1770315571,
        "narHash": "sha256-hy0gcAgAcxrnSWKGuNO+Ob0x6jQ2xkR6hoaR0qJBHYs=",
        "owner": "nix-community",
        "repo": "nix-index-database",
        "rev": "2684bb8080a6f2ca5f9d494de5ef875bc1c4ecdb",
        "type": "github"
      },
      "original": {
        "owner": "nix-community",
        "repo": "nix-index-database",
        "type": "github"
      }
    },
    "nixpkgs": {
      "locked": {
        "lastModified": 1770956962,
        "narHash": "sha256-dakX5wYFRTckgej29qy//68/DjFsEA/XNYfnltnaDlo=",
        "owner": "nixos",
        "repo": "nixpkgs",
        "rev": "2c4dbe7e217aa8f06a0e5a76169cc28f5de10b4b",
        "type": "github"
      },
      "original": {
        "owner": "nixos",
        "ref": "nixos-unstable-small",
        "repo": "nixpkgs",
        "type": "github"
      }
    },
    "root": {
      "inputs": {
        "home-manager": "home-manager",
        "jolt": "jolt",
        "nix-index-database": "nix-index-database",
        "nixpkgs": "nixpkgs",
        "witr": "witr"
      }
    },
    "systems": {
      "locked": {
        "lastModified": 1681028828,
        "narHash": "sha256-Vy1rq5AaRuLzOxct8nz4T6wlgyUR7zLU309k9mBC768=",
        "owner": "nix-systems",
        "repo": "default",
        "rev": "da67096a3b9bf56a91d16901293e51ba5b49a27e",
        "type": "github"
      },
      "original": {
        "owner": "nix-systems",
        "repo": "default",
        "type": "github"
      }
    },
    "witr": {
      "inputs": {
        "nixpkgs": [
          "nixpkgs"
        ]
      },
      "locked": {
        "lastModified": 1769004994,
        "narHash": "sha256-4VyGp0UjniLKoY5q0ZUvg2vUj7mjzU20nTxkpsUizRU=",
        "owner": "pranshuparmar",
        "repo": "witr",
        "rev": "135a18f312334ac7ab85edd325802b2902f1f187",
        "type": "github"
      },
      "original": {
        "owner": "pranshuparmar",
        "ref": "v0.2.6",
        "repo": "witr",
        "type": "github"
      }
    }
  },
  "root": "root",
  "version": 7
}
