{
  "nodes": {
    "home-manager": {
      "inputs": {
        "nixpkgs": [
          "nixpkgs"
        ]
      },
      "locked": {
        "lastModified": 1774007980,
        "narHash": "sha256-FOnZjElEI8pqqCvB6K/1JRHTE8o4rer8driivTpq2uo=",
        "owner": "nix-community",
        "repo": "home-manager",
        "rev": "9670de2921812bc4e0452f6e3efd8c859696c183",
        "type": "github"
      },
      "original": {
        "owner": "nix-community",
        "repo": "home-manager",
        "type": "github"
      }
    },
    "nix-index-database": {
      "inputs": {
        "nixpkgs": [
          "nixpkgs"
        ]
      },
      "locked": {
        "lastModified": 1773552174,
        "narHash": "sha256-mHSRNrT1rjeYBgkAlj07dW3+1nFEgAd8Gu6lgyfT9DU=",
        "owner": "nix-community",
        "repo": "nix-index-database",
        "rev": "8faeb68130df077450451b6734a221ba0d6cde42",
        "type": "github"
      },
      "original": {
        "owner": "nix-community",
        "repo": "nix-index-database",
        "type": "github"
      }
    },
    "nixpkgs": {
      "locked": {
        "lastModified": 1774041495,
        "narHash": "sha256-Jbzx23j3YPRChU/djx7EhhupGlDq7CRQ8L0IWYCbav4=",
        "owner": "nixos",
        "repo": "nixpkgs",
        "rev": "5ba249aa104c36c3542e3017d85cf55196732b7b",
        "type": "github"
      },
      "original": {
        "owner": "nixos",
        "ref": "nixos-unstable-small",
        "repo": "nixpkgs",
        "type": "github"
      }
    },
    "root": {
      "inputs": {
        "home-manager": "home-manager",
        "nix-index-database": "nix-index-database",
        "nixpkgs": "nixpkgs",
        "witr": "witr"
      }
    },
    "witr": {
      "inputs": {
        "nixpkgs": [
          "nixpkgs"
        ]
      },
      "locked": {
        "lastModified": 1773807002,
        "narHash": "sha256-ADyNxE3r03fQanPSTOvFlJUYxCBGEyqxnaDi3SqxaQ8=",
        "owner": "pranshuparmar",
        "repo": "witr",
        "rev": "c3a4eba5f06ce88a2260d33a909b81f5eb756cd2",
        "type": "github"
      },
      "original": {
        "owner": "pranshuparmar",
        "ref": "v0.3.1",
        "repo": "witr",
        "type": "github"
      }
    }
  },
  "root": "root",
  "version": 7
}
